
Microsoft Visual Studio Solution File, Format Version 12.00
# Visual Studio Version 17
VisualStudioVersion = 17.0.31903.59
MinimumVisualStudioVersion = 10.0.40219.1
Project("{FAE04EC0-301F-11D3-BF4B-00C04F79EFBC}") = "Xaml Demo", "Xaml Demo\Xaml Demo.csproj", "{04F7FE8D-CB36-4FDB-8592-AD72EA77B9F3}"
EndProject
Project("{FAE04EC0-301F-11D3-BF4B-00C04F79EFBC}") = "Xaml.Demo.Core", "Xaml.Demo.Core\Xaml.Demo.Core.csproj", "{A2C3243B-7E77-4229-B87B-E1FDD307C8C7}"
EndProject
Project("{FAE04EC0-301F-11D3-BF4B-00C04F79EFBC}") = "Xaml.Demo.Host.Wpf", "Xaml.Demo.Host.Wpf\Xaml.Demo.Host.Wpf.csproj", "{16EE400E-48F6-4949-8DC2-97B7FD547E52}"
EndProject
Project("{C7167F0D-BC9F-4E6E-AFE1-012C56B48DB5}") = "Xaml.Demo.Package", "Xaml.Demo.Package\Xaml.Demo.Package.wapproj", "{6B2A9B4F-6E4C-4D7A-9C58-8F3E5D7C9A2B}"
EndProject
Project("{FAE04EC0-301F-11D3-BF4B-00C04F79EFBC}") = "Xaml.Demo.External", "Xaml.Demo.External\Xaml.Demo.External.csproj", "{8C9E3D2F-1A5B-4E7C-9D3F-2B8A4F6E1C7D}"
EndProject
Global
	GlobalSection(SolutionConfigurationPlatforms) = preSolution
		Debug|Any CPU = Debug|Any CPU
		Debug|x64 = Debug|x64
		Debug|x86 = Debug|x86
		Release|Any CPU = Release|Any CPU
		Release|x64 = Release|x64
		Release|x86 = Release|x86
	EndGlobalSection
	GlobalSection(ProjectConfigurationPlatforms) = postSolution
		{04F7FE8D-CB36-4FDB-8592-AD72EA77B9F3}.Debug|Any CPU.ActiveCfg = Debug|Any CPU
		{04F7FE8D-CB36-4FDB-8592-AD72EA77B9F3}.Debug|Any CPU.Build.0 = Debug|Any CPU
		{04F7FE8D-CB36-4FDB-8592-AD72EA77B9F3}.Debug|x64.ActiveCfg = Debug|Any CPU
		{04F7FE8D-CB36-4FDB-8592-AD72EA77B9F3}.Debug|x64.Build.0 = Debug|Any CPU
		{04F7FE8D-CB36-4FDB-8592-AD72EA77B9F3}.Debug|x86.ActiveCfg = Debug|Any CPU
		{04F7FE8D-CB36-4FDB-8592-AD72EA77B9F3}.Debug|x86.Build.0 = Debug|Any CPU
		{04F7FE8D-CB36-4FDB-8592-AD72EA77B9F3}.Release|Any CPU.ActiveCfg = Release|Any CPU
		{04F7FE8D-CB36-4FDB-8592-AD72EA77B9F3}.Release|Any CPU.Build.0 = Release|Any CPU
		{04F7FE8D-CB36-4FDB-8592-AD72EA77B9F3}.Release|x64.ActiveCfg = Release|Any CPU
		{04F7FE8D-CB36-4FDB-8592-AD72EA77B9F3}.Release|x64.Build.0 = Release|Any CPU
		{04F7FE8D-CB36-4FDB-8592-AD72EA77B9F3}.Release|x86.ActiveCfg = Release|Any CPU
		{04F7FE8D-CB36-4FDB-8592-AD72EA77B9F3}.Release|x86.Build.0 = Release|Any CPU
		{A2C3243B-7E77-4229-B87B-E1FDD307C8C7}.Debug|Any CPU.ActiveCfg = Debug|Any CPU
		{A2C3243B-7E77-4229-B87B-E1FDD307C8C7}.Debug|Any CPU.Build.0 = Debug|Any CPU
		{A2C3243B-7E77-4229-B87B-E1FDD307C8C7}.Debug|x64.ActiveCfg = Debug|Any CPU
		{A2C3243B-7E77-4229-B87B-E1FDD307C8C7}.Debug|x64.Build.0 = Debug|Any CPU
		{A2C3243B-7E77-4229-B87B-E1FDD307C8C7}.Debug|x86.ActiveCfg = Debug|Any CPU
		{A2C3243B-7E77-4229-B87B-E1FDD307C8C7}.Debug|x86.Build.0 = Debug|Any CPU
		{A2C3243B-7E77-4229-B87B-E1FDD307C8C7}.Release|Any CPU.ActiveCfg = Release|Any CPU
		{A2C3243B-7E77-4229-B87B-E1FDD307C8C7}.Release|Any CPU.Build.0 = Release|Any CPU
		{A2C3243B-7E77-4229-B87B-E1FDD307C8C7}.Release|x64.ActiveCfg = Release|Any CPU
		{A2C3243B-7E77-4229-B87B-E1FDD307C8C7}.Release|x64.Build.0 = Release|Any CPU
		{A2C3243B-7E77-4229-B87B-E1FDD307C8C7}.Release|x86.ActiveCfg = Release|Any CPU
		{A2C3243B-7E77-4229-B87B-E1FDD307C8C7}.Release|x86.Build.0 = Release|Any CPU
		{16EE400E-48F6-4949-8DC2-97B7FD547E52}.Debug|Any CPU.ActiveCfg = Debug|Any CPU
		{16EE400E-48F6-4949-8DC2-97B7FD547E52}.Debug|Any CPU.Build.0 = Debug|Any CPU
		{16EE400E-48F6-4949-8DC2-97B7FD547E52}.Debug|x64.ActiveCfg = Debug|Any CPU
		{16EE400E-48F6-4949-8DC2-97B7FD547E52}.Debug|x64.Build.0 = Debug|Any CPU
		{16EE400E-48F6-4949-8DC2-97B7FD547E52}.Debug|x86.ActiveCfg = Debug|Any CPU
		{16EE400E-48F6-4949-8DC2-97B7FD547E52}.Debug|x86.Build.0 = Debug|Any CPU
		{16EE400E-48F6-4949-8DC2-97B7FD547E52}.Release|Any CPU.ActiveCfg = Release|Any CPU
		{16EE400E-48F6-4949-8DC2-97B7FD547E52}.Release|Any CPU.Build.0 = Release|Any CPU
		{16EE400E-48F6-4949-8DC2-97B7FD547E52}.Release|x64.ActiveCfg = Release|Any CPU
		{16EE400E-48F6-4949-8DC2-97B7FD547E52}.Release|x64.Build.0 = Release|Any CPU
{16EE400E-48F6-4949-8DC2-97B7FD547E52}.Release|x86.ActiveCfg = Release|Any CPU
{16EE400E-48F6-4949-8DC2-97B7FD547E52}.Release|x86.Build.0 = Release|Any CPU
{6B2A9B4F-6E4C-4D7A-9C58-8F3E5D7C9A2B}.Debug|Any CPU.ActiveCfg = Debug|Any CPU
{6B2A9B4F-6E4C-4D7A-9C58-8F3E5D7C9A2B}.Debug|Any CPU.Build.0 = Debug|Any CPU
{6B2A9B4F-6E4C-4D7A-9C58-8F3E5D7C9A2B}.Debug|Any CPU.Deploy.0 = Debug|Any CPU
{6B2A9B4F-6E4C-4D7A-9C58-8F3E5D7C9A2B}.Debug|x64.ActiveCfg = Debug|x64
{6B2A9B4F-6E4C-4D7A-9C58-8F3E5D7C9A2B}.Debug|x64.Build.0 = Debug|x64
{6B2A9B4F-6E4C-4D7A-9C58-8F3E5D7C9A2B}.Debug|x64.Deploy.0 = Debug|x64
{6B2A9B4F-6E4C-4D7A-9C58-8F3E5D7C9A2B}.Debug|x86.ActiveCfg = Debug|x86
{6B2A9B4F-6E4C-4D7A-9C58-8F3E5D7C9A2B}.Debug|x86.Build.0 = Debug|x86
{6B2A9B4F-6E4C-4D7A-9C58-8F3E5D7C9A2B}.Debug|x86.Deploy.0 = Debug|x86
{6B2A9B4F-6E4C-4D7A-9C58-8F3E5D7C9A2B}.Release|Any CPU.ActiveCfg = Release|Any CPU
{6B2A9B4F-6E4C-4D7A-9C58-8F3E5D7C9A2B}.Release|Any CPU.Build.0 = Release|Any CPU
{6B2A9B4F-6E4C-4D7A-9C58-8F3E5D7C9A2B}.Release|Any CPU.Deploy.0 = Release|Any CPU
{6B2A9B4F-6E4C-4D7A-9C58-8F3E5D7C9A2B}.Release|x64.ActiveCfg = Release|x64
{6B2A9B4F-6E4C-4D7A-9C58-8F3E5D7C9A2B}.Release|x64.Build.0 = Release|x64
{6B2A9B4F-6E4C-4D7A-9C58-8F3E5D7C9A2B}.Release|x64.Deploy.0 = Release|x64
{6B2A9B4F-6E4C-4D7A-9C58-8F3E5D7C9A2B}.Release|x86.ActiveCfg = Release|x86
{6B2A9B4F-6E4C-4D7A-9C58-8F3E5D7C9A2B}.Release|x86.Build.0 = Release|x86
{6B2A9B4F-6E4C-4D7A-9C58-8F3E5D7C9A2B}.Release|x86.Deploy.0 = Release|x86
{8C9E3D2F-1A5B-4E7C-9D3F-2B8A4F6E1C7D}.Debug|Any CPU.ActiveCfg = Debug|Any CPU
{8C9E3D2F-1A5B-4E7C-9D3F-2B8A4F6E1C7D}.Debug|Any CPU.Build.0 = Debug|Any CPU
{8C9E3D2F-1A5B-4E7C-9D3F-2B8A4F6E1C7D}.Debug|x64.ActiveCfg = Debug|Any CPU
{8C9E3D2F-1A5B-4E7C-9D3F-2B8A4F6E1C7D}.Debug|x64.Build.0 = Debug|Any CPU
{8C9E3D2F-1A5B-4E7C-9D3F-2B8A4F6E1C7D}.Debug|x86.ActiveCfg = Debug|Any CPU
{8C9E3D2F-1A5B-4E7C-9D3F-2B8A4F6E1C7D}.Debug|x86.Build.0 = Debug|Any CPU
{8C9E3D2F-1A5B-4E7C-9D3F-2B8A4F6E1C7D}.Release|Any CPU.ActiveCfg = Release|Any CPU
{8C9E3D2F-1A5B-4E7C-9D3F-2B8A4F6E1C7D}.Release|Any CPU.Build.0 = Release|Any CPU
{8C9E3D2F-1A5B-4E7C-9D3F-2B8A4F6E1C7D}.Release|x64.ActiveCfg = Release|Any CPU
{8C9E3D2F-1A5B-4E7C-9D3F-2B8A4F6E1C7D}.Release|x64.Build.0 = Release|Any CPU
{8C9E3D2F-1A5B-4E7C-9D3F-2B8A4F6E1C7D}.Release|x86.ActiveCfg = Release|Any CPU
{8C9E3D2F-1A5B-4E7C-9D3F-2B8A4F6E1C7D}.Release|x86.Build.0 = Release|Any CPU
EndGlobalSection
	GlobalSection(SolutionProperties) = preSolution
		HideSolutionNode = FALSE
	EndGlobalSection
EndGlobal
